// !$*UTF8*$!
{
	archiveVersion = 1;
	classes = {
	};
	objectVersion = 77;
	objects = {

/* Begin PBXBuildFile section */
		1888AFDE485DDE8E7B62AAE9 /* GrokPhonePlanner.swift in Sources */ = {isa = PBXBuildFile; fileRef = 66D88D754AA3490BB2B03331 /* GrokPhonePlanner.swift */; };
		227809A8BCDD1D50A82B1419 /* PhonePlannerProcess.swift in Sources */ = {isa = PBXBuildFile; fileRef = A3628BCD36A8908DDEA384D8 /* PhonePlannerProcess.swift */; };
		22A4BB4E2B7D9785442D0BEA /* CoreMediaIO.framework in Frameworks */ = {isa = PBXBuildFile; fileRef = F4E7A50F5B878E2B58B21E33 /* CoreMediaIO.framework */; };
		2E781B3AE487114B3C7F29D9 /* DevicePromptExecutor.swift in Sources */ = {isa = PBXBuildFile; fileRef = 7411CB045B06E3972B175956 /* DevicePromptExecutor.swift */; };
		3131B09C248ADBEB34EE81C1 /* Account.swift in Sources */ = {isa = PBXBuildFile; fileRef = 519EF1556854747D3A0A03AA /* Account.swift */; };
		34ECB0CECAA9EAFA493A78D4 /* DevicePromptSession.swift in Sources */ = {isa = PBXBuildFile; fileRef = 75B9B1F1B4D7D7CAF38516CF /* DevicePromptSession.swift */; };
		36C5D043F7195ACE65ECAC3D /* DeviceGalleryView.swift in Sources */ = {isa = PBXBuildFile; fileRef = 6DDF2EB5BDD5F31BBFB84356 /* DeviceGalleryView.swift */; };
		41B04063AE6E3D6A80C7F0A6 /* PhoneVisionClient.swift in Sources */ = {isa = PBXBuildFile; fileRef = 0C5C5EE0317E5FC67C80A7A5 /* PhoneVisionClient.swift */; };
		42996FB93050CB1DCB0FAE99 /* SocialLink.swift in Sources */ = {isa = PBXBuildFile; fileRef = 00EB0A2C257D5E8E490B3E1D /* SocialLink.swift */; };
		44E27C769F7EF80B05CBB5D4 /* PhoneVisionProvider.swift in Sources */ = {isa = PBXBuildFile; fileRef = E38D487EFC67B9A8AD126182 /* PhoneVisionProvider.swift */; };
		4B9EED470CD7C98573763FD0 /* SimulatedDeviceController.swift in Sources */ = {isa = PBXBuildFile; fileRef = 362E1C084AF83C3B243B2922 /* SimulatedDeviceController.swift */; };
		4C19410217DD1C1D15FC034C /* OnDevicePromptPlanner.swift in Sources */ = {isa = PBXBuildFile; fileRef = 14C10C63542CA8E5F6713D8D /* OnDevicePromptPlanner.swift */; };
		4F39B823BAD6C9576C0F9726 /* ContentView.swift in Sources */ = {isa = PBXBuildFile; fileRef = 1A7CD3AE12C93DDA0FDB04F7 /* ContentView.swift */; };
		58D44A49D5BCBCEA6983874F /* USBPhoneSetup.swift in Sources */ = {isa = PBXBuildFile; fileRef = 7D2092FC5DEAE9B50983182B /* USBPhoneSetup.swift */; };
		5B6DB425DF961CADDB470198 /* PhoneScreenFrameEncoder.swift in Sources */ = {isa = PBXBuildFile; fileRef = 2A8DEC77351F6A4E8C7DD8FD /* PhoneScreenFrameEncoder.swift */; };
		5D9F53A0612B00A9D9175D69 /* HIDControlSession.m in Sources */ = {isa = PBXBuildFile; fileRef = C87F6E3B6B1EA6EAC90D23A3 /* HIDControlSession.m */; };
		5F6AB886E6CB98748F123AA6 /* Farm.swift in Sources */ = {isa = PBXBuildFile; fileRef = 9A2CE9699E95AB7199853C69 /* Farm.swift */; };
		62B7424968ED16FF8B9586D2 /* DeviceManager.swift in Sources */ = {isa = PBXBuildFile; fileRef = 54F8634E300F5BD953876B19 /* DeviceManager.swift */; };
		635F36E796C5279F04E5D9E6 /* BluetoothDiscovery.swift in Sources */ = {isa = PBXBuildFile; fileRef = 155C0D3013ECAF4F7355A516 /* BluetoothDiscovery.swift */; };
		66F2FF8938B65ACEAC2B7F5F /* AddDeviceView.swift in Sources */ = {isa = PBXBuildFile; fileRef = 7925B32EAA841EA910AA0A4C /* AddDeviceView.swift */; };
		6A8DE2EE38E78D9114C2F328 /* PhoneHomeNavigator.swift in Sources */ = {isa = PBXBuildFile; fileRef = 5C35549B8996718F82DDD81F /* PhoneHomeNavigator.swift */; };
		6AFF5D375C6B2FFC6424718F /* Vision.framework in Frameworks */ = {isa = PBXBuildFile; fileRef = 129D6766A7C89C5981D338FD /* Vision.framework */; };
		735EECD3A1D6DB8965C9CE26 /* TimelineEvent.swift in Sources */ = {isa = PBXBuildFile; fileRef = B89B567EACF0E3791A1A3FEC /* TimelineEvent.swift */; };
		76450B81A7C09B658C4BACD3 /* DeviceInspectorView.swift in Sources */ = {isa = PBXBuildFile; fileRef = 330258E5395B4F4D49DD5DE7 /* DeviceInspectorView.swift */; };
		78A86DB655BFCA3C3BBBFAE5 /* CoreBluetooth.framework in Frameworks */ = {isa = PBXBuildFile; fileRef = DF8B4B8BFD2C4915090E7AE2 /* CoreBluetooth.framework */; };
		7E7B3291B1BE32026BCEE20D /* DeviceControlling.swift in Sources */ = {isa = PBXBuildFile; fileRef = 4FE5F860C0A2551CFB7C7F56 /* DeviceControlling.swift */; };
		82F6696168CAE8050E23AB54 /* TimelineView.swift in Sources */ = {isa = PBXBuildFile; fileRef = 3AC364E3B081CE7D018B95E5 /* TimelineView.swift */; };
		85824552694DA34A13CF2CBA /* PhoneScreenView.swift in Sources */ = {isa = PBXBuildFile; fileRef = 236E8DBB30A1E78624937186 /* PhoneScreenView.swift */; };
		880AD3DE0E7B3EB3799C8641 /* DevicePromptPlan.swift in Sources */ = {isa = PBXBuildFile; fileRef = D6941298A75042B1BCE74065 /* DevicePromptPlan.swift */; };
		8B509E935D1316C65EE54081 /* DevicePromptView.swift in Sources */ = {isa = PBXBuildFile; fileRef = A3FAA9D5D134C3A46C7FABBE /* DevicePromptView.swift */; };
		8D0F7FBFF4AEA5A531F39DFD /* PhoneScreenAssociation.swift in Sources */ = {isa = PBXBuildFile; fileRef = DC57E11B9FBC4A8C5A8EF256 /* PhoneScreenAssociation.swift */; };
		8F8AADB27B1AFEA1C52D95E3 /* WarmUpAgent.swift in Sources */ = {isa = PBXBuildFile; fileRef = 509742D96E4BF7E34D091345 /* WarmUpAgent.swift */; };
		91F15C8F19DA21B732331D9F /* DeviceHost.swift in Sources */ = {isa = PBXBuildFile; fileRef = 6B86676615F2C0B171C8A702 /* DeviceHost.swift */; };
		9850FEFE32557D904E72A57F /* CBClassicDiscovery.m in Sources */ = {isa = PBXBuildFile; fileRef = 2B04A975A0014F6F25E89B47 /* CBClassicDiscovery.m */; };
		98F23A44F5A04152C41F7DEA /* PhoneScreenSource.swift in Sources */ = {isa = PBXBuildFile; fileRef = 206CE1C66A433779B55A14A4 /* PhoneScreenSource.swift */; };
		9EC2CFB7888E25EE5449D6D7 /* CBHIDBridge.m in Sources */ = {isa = PBXBuildFile; fileRef = 985D633617A64FE516F529C7 /* CBHIDBridge.m */; };
		A596E9F42BB40063E5FB4C71 /* BluetoothHIDHost.swift in Sources */ = {isa = PBXBuildFile; fileRef = AE18364F3BE3D715A2D8BDEF /* BluetoothHIDHost.swift */; };
		A8B71820496A6E805786880D /* EngageApp.swift in Sources */ = {isa = PBXBuildFile; fileRef = 826006169ECEF84A8977C093 /* EngageApp.swift */; };
		B27EA64F6AC9D9FBA691D721 /* PhoneVisualRunner.swift in Sources */ = {isa = PBXBuildFile; fileRef = AC471DA51539F03CA3F8A49B /* PhoneVisualRunner.swift */; };
		B51F3DA805B4BAAF9EEBC3DF /* AVFoundation.framework in Frameworks */ = {isa = PBXBuildFile; fileRef = C097CFE181D8BD879EFA72DA /* AVFoundation.framework */; };
		B6C813EF819045C81943FB9B /* DeviceListView.swift in Sources */ = {isa = PBXBuildFile; fileRef = 875EB99E120356B8AAB559B0 /* DeviceListView.swift */; };
		B9FADB8063C2F47C92A37319 /* TimelineEventRow.swift in Sources */ = {isa = PBXBuildFile; fileRef = 6B8FB50B527E7423CCDFADF3 /* TimelineEventRow.swift */; };
		BB01C29D271E7DBDD610231D /* NarrativeHeaderView.swift in Sources */ = {isa = PBXBuildFile; fileRef = FCAF958121F707ABD469FFDA /* NarrativeHeaderView.swift */; };
		BE970F43102113F549E35F02 /* HIDServiceRecord.swift in Sources */ = {isa = PBXBuildFile; fileRef = A79E04FE5D3214C2B4B06312 /* HIDServiceRecord.swift */; };
		C47A1C85FDAFB3A735D89D11 /* PhoneVisionTypes.swift in Sources */ = {isa = PBXBuildFile; fileRef = B12DDD53EDF8A197E8390F17 /* PhoneVisionTypes.swift */; };
		C6911A2DB99B88D9884A2CB3 /* CBHIDSocket.m in Sources */ = {isa = PBXBuildFile; fileRef = FB1BFDCA1DFFF44BF3CA84E7 /* CBHIDSocket.m */; };
		D9268D40CE3A568D671F2E6D /* PersistentModel+Live.swift in Sources */ = {isa = PBXBuildFile; fileRef = FF954228E5A89918CB459431 /* PersistentModel+Live.swift */; };
		E00EC63662CEE1E549388706 /* Device.swift in Sources */ = {isa = PBXBuildFile; fileRef = 63E3E8E414B60A11EFA5D43A /* Device.swift */; };
		E5FA68CA14686EA43E677BF6 /* IOBluetooth.framework in Frameworks */ = {isa = PBXBuildFile; fileRef = A1568A71AD1D2029591B711C /* IOBluetooth.framework */; };
		E69CE898F9818B69AEC88A16 /* AccountListView.swift in Sources */ = {isa = PBXBuildFile; fileRef = 96E3145F6754FB82DDD9FA0D /* AccountListView.swift */; };
		E86E0C791C2F62284921287A /* USBPhoneBridge.m in Sources */ = {isa = PBXBuildFile; fileRef = BB6074526DB34AEECCFB1642 /* USBPhoneBridge.m */; };
		F70E174AE779D142E4FAC917 /* PhoneScreenCaptureService.swift in Sources */ = {isa = PBXBuildFile; fileRef = 3DFEA52F4B4DB467D92CCF39 /* PhoneScreenCaptureService.swift */; };
		F83FF886EABF0C84E8BB6EA9 /* DevicePromptPlanner.swift in Sources */ = {isa = PBXBuildFile; fileRef = 3A855DF26A9138957BC896F7 /* DevicePromptPlanner.swift */; };
		F8E05934B84C863EDA9AFFA8 /* InspectorView.swift in Sources */ = {isa = PBXBuildFile; fileRef = 0D91C355EDBA761FF876C375 /* InspectorView.swift */; };
		FAFD0789F213126E407DBEA7 /* DeviceDetailView.swift in Sources */ = {isa = PBXBuildFile; fileRef = 42B359A2496A374C634A8D3B /* DeviceDetailView.swift */; };
/* End PBXBuildFile section */

/* Begin PBXFileReference section */
		00EB0A2C257D5E8E490B3E1D /* SocialLink.swift */ = {isa = PBXFileReference; lastKnownFileType = sourcecode.swift; path = SocialLink.swift; sourceTree = "<group>"; };
		059E1800CC1386C76B1DDE8C /* CBHIDBridge.h */ = {isa = PBXFileReference; lastKnownFileType = sourcecode.c.h; path = CBHIDBridge.h; sourceTree = "<group>"; };
		0C5C5EE0317E5FC67C80A7A5 /* PhoneVisionClient.swift */ = {isa = PBXFileReference; lastKnownFileType = sourcecode.swift; path = PhoneVisionClient.swift; sourceTree = "<group>"; };
		0D91C355EDBA761FF876C375 /* InspectorView.swift */ = {isa = PBXFileReference; lastKnownFileType = sourcecode.swift; path = InspectorView.swift; sourceTree = "<group>"; };
		0D93BE8FCA8FF2ADBC06E8EA /* Info.plist */ = {isa = PBXFileReference; lastKnownFileType = text.plist; path = Info.plist; sourceTree = "<group>"; };
		129D6766A7C89C5981D338FD /* Vision.framework */ = {isa = PBXFileReference; lastKnownFileType = wrapper.framework; name = Vision.framework; path = System/Library/Frameworks/Vision.framework; sourceTree = SDKROOT; };
		14C10C63542CA8E5F6713D8D /* OnDevicePromptPlanner.swift */ = {isa = PBXFileReference; lastKnownFileType = sourcecode.swift; path = OnDevicePromptPlanner.swift; sourceTree = "<group>"; };
		155C0D3013ECAF4F7355A516 /* BluetoothDiscovery.swift */ = {isa = PBXFileReference; lastKnownFileType = sourcecode.swift; path = BluetoothDiscovery.swift; sourceTree = "<group>"; };
		1A7CD3AE12C93DDA0FDB04F7 /* ContentView.swift */ = {isa = PBXFileReference; lastKnownFileType = sourcecode.swift; path = ContentView.swift; sourceTree = "<group>"; };
		206CE1C66A433779B55A14A4 /* PhoneScreenSource.swift */ = {isa = PBXFileReference; lastKnownFileType = sourcecode.swift; path = PhoneScreenSource.swift; sourceTree = "<group>"; };
		236E8DBB30A1E78624937186 /* PhoneScreenView.swift */ = {isa = PBXFileReference; lastKnownFileType = sourcecode.swift; path = PhoneScreenView.swift; sourceTree = "<group>"; };
		2A8DEC77351F6A4E8C7DD8FD /* PhoneScreenFrameEncoder.swift */ = {isa = PBXFileReference; lastKnownFileType = sourcecode.swift; path = PhoneScreenFrameEncoder.swift; sourceTree = "<group>"; };
		2B04A975A0014F6F25E89B47 /* CBClassicDiscovery.m */ = {isa = PBXFileReference; lastKnownFileType = sourcecode.c.objc; path = CBClassicDiscovery.m; sourceTree = "<group>"; };
		2BF726C8F4A35FEC00630D07 /* Engage.app */ = {isa = PBXFileReference; explicitFileType = wrapper.application; includeInIndex = 0; path = Engage.app; sourceTree = BUILT_PRODUCTS_DIR; };
		330258E5395B4F4D49DD5DE7 /* DeviceInspectorView.swift */ = {isa = PBXFileReference; lastKnownFileType = sourcecode.swift; path = DeviceInspectorView.swift; sourceTree = "<group>"; };
		362E1C084AF83C3B243B2922 /* SimulatedDeviceController.swift */ = {isa = PBXFileReference; lastKnownFileType = sourcecode.swift; path = SimulatedDeviceController.swift; sourceTree = "<group>"; };
		3A855DF26A9138957BC896F7 /* DevicePromptPlanner.swift */ = {isa = PBXFileReference; lastKnownFileType = sourcecode.swift; path = DevicePromptPlanner.swift; sourceTree = "<group>"; };
		3AC364E3B081CE7D018B95E5 /* TimelineView.swift */ = {isa = PBXFileReference; lastKnownFileType = sourcecode.swift; path = TimelineView.swift; sourceTree = "<group>"; };
		3DFEA52F4B4DB467D92CCF39 /* PhoneScreenCaptureService.swift */ = {isa = PBXFileReference; lastKnownFileType = sourcecode.swift; path = PhoneScreenCaptureService.swift; sourceTree = "<group>"; };
		42B359A2496A374C634A8D3B /* DeviceDetailView.swift */ = {isa = PBXFileReference; lastKnownFileType = sourcecode.swift; path = DeviceDetailView.swift; sourceTree = "<group>"; };
		467B04434D5FE0793F4B7106 /* CBHIDSocket.h */ = {isa = PBXFileReference; lastKnownFileType = sourcecode.c.h; path = CBHIDSocket.h; sourceTree = "<group>"; };
		4FE5F860C0A2551CFB7C7F56 /* DeviceControlling.swift */ = {isa = PBXFileReference; lastKnownFileType = sourcecode.swift; path = DeviceControlling.swift; sourceTree = "<group>"; };
		509742D96E4BF7E34D091345 /* WarmUpAgent.swift */ = {isa = PBXFileReference; lastKnownFileType = sourcecode.swift; path = WarmUpAgent.swift; sourceTree = "<group>"; };
		519EF1556854747D3A0A03AA /* Account.swift */ = {isa = PBXFileReference; lastKnownFileType = sourcecode.swift; path = Account.swift; sourceTree = "<group>"; };
		54F8634E300F5BD953876B19 /* DeviceManager.swift */ = {isa = PBXFileReference; lastKnownFileType = sourcecode.swift; path = DeviceManager.swift; sourceTree = "<group>"; };
		5C35549B8996718F82DDD81F /* PhoneHomeNavigator.swift */ = {isa = PBXFileReference; lastKnownFileType = sourcecode.swift; path = PhoneHomeNavigator.swift; sourceTree = "<group>"; };
		63E3E8E414B60A11EFA5D43A /* Device.swift */ = {isa = PBXFileReference; lastKnownFileType = sourcecode.swift; path = Device.swift; sourceTree = "<group>"; };
		66D88D754AA3490BB2B03331 /* GrokPhonePlanner.swift */ = {isa = PBXFileReference; lastKnownFileType = sourcecode.swift; path = GrokPhonePlanner.swift; sourceTree = "<group>"; };
		6B7AF811C40F0C167C7C7784 /* Engage-Bridging-Header.h */ = {isa = PBXFileReference; lastKnownFileType = sourcecode.c.h; path = "Engage-Bridging-Header.h"; sourceTree = "<group>"; };
		6B86676615F2C0B171C8A702 /* DeviceHost.swift */ = {isa = PBXFileReference; lastKnownFileType = sourcecode.swift; path = DeviceHost.swift; sourceTree = "<group>"; };
		6B8FB50B527E7423CCDFADF3 /* TimelineEventRow.swift */ = {isa = PBXFileReference; lastKnownFileType = sourcecode.swift; path = TimelineEventRow.swift; sourceTree = "<group>"; };
		6DDF2EB5BDD5F31BBFB84356 /* DeviceGalleryView.swift */ = {isa = PBXFileReference; lastKnownFileType = sourcecode.swift; path = DeviceGalleryView.swift; sourceTree = "<group>"; };
		7411CB045B06E3972B175956 /* DevicePromptExecutor.swift */ = {isa = PBXFileReference; lastKnownFileType = sourcecode.swift; path = DevicePromptExecutor.swift; sourceTree = "<group>"; };
		75B9B1F1B4D7D7CAF38516CF /* DevicePromptSession.swift */ = {isa = PBXFileReference; lastKnownFileType = sourcecode.swift; path = DevicePromptSession.swift; sourceTree = "<group>"; };
		7925B32EAA841EA910AA0A4C /* AddDeviceView.swift */ = {isa = PBXFileReference; lastKnownFileType = sourcecode.swift; path = AddDeviceView.swift; sourceTree = "<group>"; };
		7D2092FC5DEAE9B50983182B /* USBPhoneSetup.swift */ = {isa = PBXFileReference; lastKnownFileType = sourcecode.swift; path = USBPhoneSetup.swift; sourceTree = "<group>"; };
		826006169ECEF84A8977C093 /* EngageApp.swift */ = {isa = PBXFileReference; lastKnownFileType = sourcecode.swift; path = EngageApp.swift; sourceTree = "<group>"; };
		875EB99E120356B8AAB559B0 /* DeviceListView.swift */ = {isa = PBXFileReference; lastKnownFileType = sourcecode.swift; path = DeviceListView.swift; sourceTree = "<group>"; };
		8D28F11D5B0778863F13B77B /* CBClassicDiscovery.h */ = {isa = PBXFileReference; lastKnownFileType = sourcecode.c.h; path = CBClassicDiscovery.h; sourceTree = "<group>"; };
		96E3145F6754FB82DDD9FA0D /* AccountListView.swift */ = {isa = PBXFileReference; lastKnownFileType = sourcecode.swift; path = AccountListView.swift; sourceTree = "<group>"; };
		985D633617A64FE516F529C7 /* CBHIDBridge.m */ = {isa = PBXFileReference; lastKnownFileType = sourcecode.c.objc; path = CBHIDBridge.m; sourceTree = "<group>"; };
		9A2CE9699E95AB7199853C69 /* Farm.swift */ = {isa = PBXFileReference; lastKnownFileType = sourcecode.swift; path = Farm.swift; sourceTree = "<group>"; };
		A1568A71AD1D2029591B711C /* IOBluetooth.framework */ = {isa = PBXFileReference; lastKnownFileType = wrapper.framework; name = IOBluetooth.framework; path = System/Library/Frameworks/IOBluetooth.framework; sourceTree = SDKROOT; };
		A3628BCD36A8908DDEA384D8 /* PhonePlannerProcess.swift */ = {isa = PBXFileReference; lastKnownFileType = sourcecode.swift; path = PhonePlannerProcess.swift; sourceTree = "<group>"; };
		A3FAA9D5D134C3A46C7FABBE /* DevicePromptView.swift */ = {isa = PBXFileReference; lastKnownFileType = sourcecode.swift; path = DevicePromptView.swift; sourceTree = "<group>"; };
		A79E04FE5D3214C2B4B06312 /* HIDServiceRecord.swift */ = {isa = PBXFileReference; lastKnownFileType = sourcecode.swift; path = HIDServiceRecord.swift; sourceTree = "<group>"; };
		AC471DA51539F03CA3F8A49B /* PhoneVisualRunner.swift */ = {isa = PBXFileReference; lastKnownFileType = sourcecode.swift; path = PhoneVisualRunner.swift; sourceTree = "<group>"; };
		AE18364F3BE3D715A2D8BDEF /* BluetoothHIDHost.swift */ = {isa = PBXFileReference; lastKnownFileType = sourcecode.swift; path = BluetoothHIDHost.swift; sourceTree = "<group>"; };
		B12DDD53EDF8A197E8390F17 /* PhoneVisionTypes.swift */ = {isa = PBXFileReference; lastKnownFileType = sourcecode.swift; path = PhoneVisionTypes.swift; sourceTree = "<group>"; };
		B89B567EACF0E3791A1A3FEC /* TimelineEvent.swift */ = {isa = PBXFileReference; lastKnownFileType = sourcecode.swift; path = TimelineEvent.swift; sourceTree = "<group>"; };
		BAB371A95FD4EA3D8ABFBE5C /* HIDControlSession.h */ = {isa = PBXFileReference; lastKnownFileType = sourcecode.c.h; path = HIDControlSession.h; sourceTree = "<group>"; };
		BB6074526DB34AEECCFB1642 /* USBPhoneBridge.m */ = {isa = PBXFileReference; lastKnownFileType = sourcecode.c.objc; path = USBPhoneBridge.m; sourceTree = "<group>"; };
		C097CFE181D8BD879EFA72DA /* AVFoundation.framework */ = {isa = PBXFileReference; lastKnownFileType = wrapper.framework; name = AVFoundation.framework; path = System/Library/Frameworks/AVFoundation.framework; sourceTree = SDKROOT; };
		C87F6E3B6B1EA6EAC90D23A3 /* HIDControlSession.m */ = {isa = PBXFileReference; lastKnownFileType = sourcecode.c.objc; path = HIDControlSession.m; sourceTree = "<group>"; };
		D3F27A950A2CAB6DB05703D1 /* USBPhoneBridge.h */ = {isa = PBXFileReference; lastKnownFileType = sourcecode.c.h; path = USBPhoneBridge.h; sourceTree = "<group>"; };
		D6941298A75042B1BCE74065 /* DevicePromptPlan.swift */ = {isa = PBXFileReference; lastKnownFileType = sourcecode.swift; path = DevicePromptPlan.swift; sourceTree = "<group>"; };
		DC57E11B9FBC4A8C5A8EF256 /* PhoneScreenAssociation.swift */ = {isa = PBXFileReference; lastKnownFileType = sourcecode.swift; path = PhoneScreenAssociation.swift; sourceTree = "<group>"; };
		DF8B4B8BFD2C4915090E7AE2 /* CoreBluetooth.framework */ = {isa = PBXFileReference; lastKnownFileType = wrapper.framework; name = CoreBluetooth.framework; path = System/Library/Frameworks/CoreBluetooth.framework; sourceTree = SDKROOT; };
		E38D487EFC67B9A8AD126182 /* PhoneVisionProvider.swift */ = {isa = PBXFileReference; lastKnownFileType = sourcecode.swift; path = PhoneVisionProvider.swift; sourceTree = "<group>"; };
		F4E7A50F5B878E2B58B21E33 /* CoreMediaIO.framework */ = {isa = PBXFileReference; lastKnownFileType = wrapper.framework; name = CoreMediaIO.framework; path = System/Library/Frameworks/CoreMediaIO.framework; sourceTree = SDKROOT; };
		FB1BFDCA1DFFF44BF3CA84E7 /* CBHIDSocket.m */ = {isa = PBXFileReference; lastKnownFileType = sourcecode.c.objc; path = CBHIDSocket.m; sourceTree = "<group>"; };
		FCAF958121F707ABD469FFDA /* NarrativeHeaderView.swift */ = {isa = PBXFileReference; lastKnownFileType = sourcecode.swift; path = NarrativeHeaderView.swift; sourceTree = "<group>"; };
		FF954228E5A89918CB459431 /* PersistentModel+Live.swift */ = {isa = PBXFileReference; lastKnownFileType = sourcecode.swift; path = "PersistentModel+Live.swift"; sourceTree = "<group>"; };
/* End PBXFileReference section */

/* Begin PBXFrameworksBuildPhase section */
		4A40E976FB8A8E7465EE500D /* Frameworks */ = {
			isa = PBXFrameworksBuildPhase;
			buildActionMask = 2147483647;
			files = (
				78A86DB655BFCA3C3BBBFAE5 /* CoreBluetooth.framework in Frameworks */,
				E5FA68CA14686EA43E677BF6 /* IOBluetooth.framework in Frameworks */,
				B51F3DA805B4BAAF9EEBC3DF /* AVFoundation.framework in Frameworks */,
				22A4BB4E2B7D9785442D0BEA /* CoreMediaIO.framework in Frameworks */,
				6AFF5D375C6B2FFC6424718F /* Vision.framework in Frameworks */,
			);
			runOnlyForDeploymentPostprocessing = 0;
		};
/* End PBXFrameworksBuildPhase section */

/* Begin PBXGroup section */
		176DCAE1FB6FAD22ECB58D54 /* Services */ = {
			isa = PBXGroup;
			children = (
				155C0D3013ECAF4F7355A516 /* BluetoothDiscovery.swift */,
				4FE5F860C0A2551CFB7C7F56 /* DeviceControlling.swift */,
				6B86676615F2C0B171C8A702 /* DeviceHost.swift */,
				54F8634E300F5BD953876B19 /* DeviceManager.swift */,
				362E1C084AF83C3B243B2922 /* SimulatedDeviceController.swift */,
				509742D96E4BF7E34D091345 /* WarmUpAgent.swift */,
				1959DE53B14E14C8FECB2216 /* BluetoothHID */,
				95E71E6EB50FE50E4FF50833 /* DevicePrompts */,
				D4A7B8D94D9B161221706491 /* PhoneScreenCapture */,
				4C68C97BC3BA35652452D34C /* PhoneSetup */,
			);
			path = Services;
			sourceTree = "<group>";
		};
		1959DE53B14E14C8FECB2216 /* BluetoothHID */ = {
			isa = PBXGroup;
			children = (
				AE18364F3BE3D715A2D8BDEF /* BluetoothHIDHost.swift */,
				8D28F11D5B0778863F13B77B /* CBClassicDiscovery.h */,
				2B04A975A0014F6F25E89B47 /* CBClassicDiscovery.m */,
				059E1800CC1386C76B1DDE8C /* CBHIDBridge.h */,
				985D633617A64FE516F529C7 /* CBHIDBridge.m */,
				467B04434D5FE0793F4B7106 /* CBHIDSocket.h */,
				FB1BFDCA1DFFF44BF3CA84E7 /* CBHIDSocket.m */,
				6B7AF811C40F0C167C7C7784 /* Engage-Bridging-Header.h */,
				BAB371A95FD4EA3D8ABFBE5C /* HIDControlSession.h */,
				C87F6E3B6B1EA6EAC90D23A3 /* HIDControlSession.m */,
				A79E04FE5D3214C2B4B06312 /* HIDServiceRecord.swift */,
			);
			path = BluetoothHID;
			sourceTree = "<group>";
		};
		4C68C97BC3BA35652452D34C /* PhoneSetup */ = {
			isa = PBXGroup;
			children = (
				D3F27A950A2CAB6DB05703D1 /* USBPhoneBridge.h */,
				BB6074526DB34AEECCFB1642 /* USBPhoneBridge.m */,
				7D2092FC5DEAE9B50983182B /* USBPhoneSetup.swift */,
			);
			path = PhoneSetup;
			sourceTree = "<group>";
		};
		56FF6EB5984C3E5CC5A9A2E9 /* Views */ = {
			isa = PBXGroup;
			children = (
				96E3145F6754FB82DDD9FA0D /* AccountListView.swift */,
				7925B32EAA841EA910AA0A4C /* AddDeviceView.swift */,
				1A7CD3AE12C93DDA0FDB04F7 /* ContentView.swift */,
				42B359A2496A374C634A8D3B /* DeviceDetailView.swift */,
				6DDF2EB5BDD5F31BBFB84356 /* DeviceGalleryView.swift */,
				330258E5395B4F4D49DD5DE7 /* DeviceInspectorView.swift */,
				875EB99E120356B8AAB559B0 /* DeviceListView.swift */,
				A3FAA9D5D134C3A46C7FABBE /* DevicePromptView.swift */,
				0D91C355EDBA761FF876C375 /* InspectorView.swift */,
				FCAF958121F707ABD469FFDA /* NarrativeHeaderView.swift */,
				236E8DBB30A1E78624937186 /* PhoneScreenView.swift */,
				6B8FB50B527E7423CCDFADF3 /* TimelineEventRow.swift */,
				3AC364E3B081CE7D018B95E5 /* TimelineView.swift */,
			);
			path = Views;
			sourceTree = "<group>";
		};
		6B305994E81D97798B4CA4CC = {
			isa = PBXGroup;
			children = (
				850FCD0C997698ABEBD6F344 /* Engage */,
				9A3988C5F90FB9D1534F4E13 /* Frameworks */,
				BE613B11D916E16A9B7101D6 /* Products */,
			);
			sourceTree = "<group>";
		};
		850FCD0C997698ABEBD6F344 /* Engage */ = {
			isa = PBXGroup;
			children = (
				826006169ECEF84A8977C093 /* EngageApp.swift */,
				0D93BE8FCA8FF2ADBC06E8EA /* Info.plist */,
				9DC331BF65FF586EA8F34661 /* Models */,
				176DCAE1FB6FAD22ECB58D54 /* Services */,
				56FF6EB5984C3E5CC5A9A2E9 /* Views */,
			);
			path = Engage;
			sourceTree = "<group>";
		};
		95E71E6EB50FE50E4FF50833 /* DevicePrompts */ = {
			isa = PBXGroup;
			children = (
				7411CB045B06E3972B175956 /* DevicePromptExecutor.swift */,
				D6941298A75042B1BCE74065 /* DevicePromptPlan.swift */,
				3A855DF26A9138957BC896F7 /* DevicePromptPlanner.swift */,
				75B9B1F1B4D7D7CAF38516CF /* DevicePromptSession.swift */,
				66D88D754AA3490BB2B03331 /* GrokPhonePlanner.swift */,
				14C10C63542CA8E5F6713D8D /* OnDevicePromptPlanner.swift */,
				5C35549B8996718F82DDD81F /* PhoneHomeNavigator.swift */,
				A3628BCD36A8908DDEA384D8 /* PhonePlannerProcess.swift */,
				0C5C5EE0317E5FC67C80A7A5 /* PhoneVisionClient.swift */,
				E38D487EFC67B9A8AD126182 /* PhoneVisionProvider.swift */,
				B12DDD53EDF8A197E8390F17 /* PhoneVisionTypes.swift */,
				AC471DA51539F03CA3F8A49B /* PhoneVisualRunner.swift */,
			);
			path = DevicePrompts;
			sourceTree = "<group>";
		};
		9A3988C5F90FB9D1534F4E13 /* Frameworks */ = {
			isa = PBXGroup;
			children = (
				C097CFE181D8BD879EFA72DA /* AVFoundation.framework */,
				DF8B4B8BFD2C4915090E7AE2 /* CoreBluetooth.framework */,
				F4E7A50F5B878E2B58B21E33 /* CoreMediaIO.framework */,
				A1568A71AD1D2029591B711C /* IOBluetooth.framework */,
				129D6766A7C89C5981D338FD /* Vision.framework */,
			);
			name = Frameworks;
			sourceTree = "<group>";
		};
		9DC331BF65FF586EA8F34661 /* Models */ = {
			isa = PBXGroup;
			children = (
				519EF1556854747D3A0A03AA /* Account.swift */,
				63E3E8E414B60A11EFA5D43A /* Device.swift */,
				9A2CE9699E95AB7199853C69 /* Farm.swift */,
				FF954228E5A89918CB459431 /* PersistentModel+Live.swift */,
				00EB0A2C257D5E8E490B3E1D /* SocialLink.swift */,
				B89B567EACF0E3791A1A3FEC /* TimelineEvent.swift */,
			);
			path = Models;
			sourceTree = "<group>";
		};
		BE613B11D916E16A9B7101D6 /* Products */ = {
			isa = PBXGroup;
			children = (
				2BF726C8F4A35FEC00630D07 /* Engage.app */,
			);
			name = Products;
			sourceTree = "<group>";
		};
		D4A7B8D94D9B161221706491 /* PhoneScreenCapture */ = {
			isa = PBXGroup;
			children = (
				DC57E11B9FBC4A8C5A8EF256 /* PhoneScreenAssociation.swift */,
				3DFEA52F4B4DB467D92CCF39 /* PhoneScreenCaptureService.swift */,
				2A8DEC77351F6A4E8C7DD8FD /* PhoneScreenFrameEncoder.swift */,
				206CE1C66A433779B55A14A4 /* PhoneScreenSource.swift */,
			);
			path = PhoneScreenCapture;
			sourceTree = "<group>";
		};
/* End PBXGroup section */

/* Begin PBXNativeTarget section */
		9CB17204916B93C43163E6BA /* Engage */ = {
			isa = PBXNativeTarget;
			buildConfigurationList = AEBC3A40929FE93E33DA03FF /* Build configuration list for PBXNativeTarget "Engage" */;
			buildPhases = (
				11A6D5EE7575C6C33D59179D /* Sources */,
				4A40E976FB8A8E7465EE500D /* Frameworks */,
			);
			buildRules = (
			);
			dependencies = (
			);
			name = Engage;
			packageProductDependencies = (
			);
			productName = Engage;
			productReference = 2BF726C8F4A35FEC00630D07 /* Engage.app */;
			productType = "com.apple.product-type.application";
		};
/* End PBXNativeTarget section */

/* Begin PBXProject section */
		9558183C6CD3F5A0B302C1CF /* Project object */ = {
			isa = PBXProject;
			attributes = {
				BuildIndependentTargetsInParallel = YES;
				LastUpgradeCheck = 1430;
				TargetAttributes = {
				};
			};
			buildConfigurationList = 67A51D7EA76F693756BD88A9 /* Build configuration list for PBXProject "Engage" */;
			developmentRegion = en;
			hasScannedForEncodings = 0;
			knownRegions = (
				Base,
				en,
			);
			mainGroup = 6B305994E81D97798B4CA4CC;
			minimizedProjectReferenceProxies = 1;
			preferredProjectObjectVersion = 77;
			productRefGroup = BE613B11D916E16A9B7101D6 /* Products */;
			projectDirPath = "";
			projectRoot = "";
			targets = (
				9CB17204916B93C43163E6BA /* Engage */,
			);
		};
/* End PBXProject section */

/* Begin PBXSourcesBuildPhase section */
		11A6D5EE7575C6C33D59179D /* Sources */ = {
			isa = PBXSourcesBuildPhase;
			buildActionMask = 2147483647;
			files = (
				3131B09C248ADBEB34EE81C1 /* Account.swift in Sources */,
				E69CE898F9818B69AEC88A16 /* AccountListView.swift in Sources */,
				66F2FF8938B65ACEAC2B7F5F /* AddDeviceView.swift in Sources */,
				635F36E796C5279F04E5D9E6 /* BluetoothDiscovery.swift in Sources */,
				A596E9F42BB40063E5FB4C71 /* BluetoothHIDHost.swift in Sources */,
				9850FEFE32557D904E72A57F /* CBClassicDiscovery.m in Sources */,
				9EC2CFB7888E25EE5449D6D7 /* CBHIDBridge.m in Sources */,
				C6911A2DB99B88D9884A2CB3 /* CBHIDSocket.m in Sources */,
				4F39B823BAD6C9576C0F9726 /* ContentView.swift in Sources */,
				E00EC63662CEE1E549388706 /* Device.swift in Sources */,
				7E7B3291B1BE32026BCEE20D /* DeviceControlling.swift in Sources */,
				FAFD0789F213126E407DBEA7 /* DeviceDetailView.swift in Sources */,
				36C5D043F7195ACE65ECAC3D /* DeviceGalleryView.swift in Sources */,
				91F15C8F19DA21B732331D9F /* DeviceHost.swift in Sources */,
				76450B81A7C09B658C4BACD3 /* DeviceInspectorView.swift in Sources */,
				B6C813EF819045C81943FB9B /* DeviceListView.swift in Sources */,
				62B7424968ED16FF8B9586D2 /* DeviceManager.swift in Sources */,
				2E781B3AE487114B3C7F29D9 /* DevicePromptExecutor.swift in Sources */,
				880AD3DE0E7B3EB3799C8641 /* DevicePromptPlan.swift in Sources */,
				F83FF886EABF0C84E8BB6EA9 /* DevicePromptPlanner.swift in Sources */,
				34ECB0CECAA9EAFA493A78D4 /* DevicePromptSession.swift in Sources */,
				8B509E935D1316C65EE54081 /* DevicePromptView.swift in Sources */,
				A8B71820496A6E805786880D /* EngageApp.swift in Sources */,
				5F6AB886E6CB98748F123AA6 /* Farm.swift in Sources */,
				1888AFDE485DDE8E7B62AAE9 /* GrokPhonePlanner.swift in Sources */,
				5D9F53A0612B00A9D9175D69 /* HIDControlSession.m in Sources */,
				BE970F43102113F549E35F02 /* HIDServiceRecord.swift in Sources */,
				F8E05934B84C863EDA9AFFA8 /* InspectorView.swift in Sources */,
				BB01C29D271E7DBDD610231D /* NarrativeHeaderView.swift in Sources */,
				4C19410217DD1C1D15FC034C /* OnDevicePromptPlanner.swift in Sources */,
				D9268D40CE3A568D671F2E6D /* PersistentModel+Live.swift in Sources */,
				6A8DE2EE38E78D9114C2F328 /* PhoneHomeNavigator.swift in Sources */,
				227809A8BCDD1D50A82B1419 /* PhonePlannerProcess.swift in Sources */,
				8D0F7FBFF4AEA5A531F39DFD /* PhoneScreenAssociation.swift in Sources */,
				F70E174AE779D142E4FAC917 /* PhoneScreenCaptureService.swift in Sources */,
				5B6DB425DF961CADDB470198 /* PhoneScreenFrameEncoder.swift in Sources */,
				98F23A44F5A04152C41F7DEA /* PhoneScreenSource.swift in Sources */,
				85824552694DA34A13CF2CBA /* PhoneScreenView.swift in Sources */,
				41B04063AE6E3D6A80C7F0A6 /* PhoneVisionClient.swift in Sources */,
				44E27C769F7EF80B05CBB5D4 /* PhoneVisionProvider.swift in Sources */,
				C47A1C85FDAFB3A735D89D11 /* PhoneVisionTypes.swift in Sources */,
				B27EA64F6AC9D9FBA691D721 /* PhoneVisualRunner.swift in Sources */,
				4B9EED470CD7C98573763FD0 /* SimulatedDeviceController.swift in Sources */,
				42996FB93050CB1DCB0FAE99 /* SocialLink.swift in Sources */,
				735EECD3A1D6DB8965C9CE26 /* TimelineEvent.swift in Sources */,
				B9FADB8063C2F47C92A37319 /* TimelineEventRow.swift in Sources */,
				82F6696168CAE8050E23AB54 /* TimelineView.swift in Sources */,
				E86E0C791C2F62284921287A /* USBPhoneBridge.m in Sources */,
				58D44A49D5BCBCEA6983874F /* USBPhoneSetup.swift in Sources */,
				8F8AADB27B1AFEA1C52D95E3 /* WarmUpAgent.swift in Sources */,
			);
			runOnlyForDeploymentPostprocessing = 0;
		};
/* End PBXSourcesBuildPhase section */

/* Begin XCBuildConfiguration section */
		A665068992835CC7154729E4 /* Release */ = {
			isa = XCBuildConfiguration;
			buildSettings = {
				ALWAYS_SEARCH_USER_PATHS = NO;
				CLANG_ANALYZER_NONNULL = YES;
				CLANG_ANALYZER_NUMBER_OBJECT_CONVERSION = YES_AGGRESSIVE;
				CLANG_CXX_LANGUAGE_STANDARD = "gnu++14";
				CLANG_CXX_LIBRARY = "libc++";
				CLANG_ENABLE_MODULES = YES;
				CLANG_ENABLE_OBJC_ARC = YES;
				CLANG_ENABLE_OBJC_WEAK = YES;
				CLANG_WARN_BLOCK_CAPTURE_AUTORELEASING = YES;
				CLANG_WARN_BOOL_CONVERSION = YES;
				CLANG_WARN_COMMA = YES;
				CLANG_WARN_CONSTANT_CONVERSION = YES;
				CLANG_WARN_DEPRECATED_OBJC_IMPLEMENTATIONS = YES;
				CLANG_WARN_DIRECT_OBJC_ISA_USAGE = YES_ERROR;
				CLANG_WARN_DOCUMENTATION_COMMENTS = YES;
				CLANG_WARN_EMPTY_BODY = YES;
				CLANG_WARN_ENUM_CONVERSION = YES;
				CLANG_WARN_INFINITE_RECURSION = YES;
				CLANG_WARN_INT_CONVERSION = YES;
				CLANG_WARN_NON_LITERAL_NULL_CONVERSION = YES;
				CLANG_WARN_OBJC_IMPLICIT_RETAIN_SELF = YES;
				CLANG_WARN_OBJC_LITERAL_CONVERSION = YES;
				CLANG_WARN_OBJC_ROOT_CLASS = YES_ERROR;
				CLANG_WARN_QUOTED_INCLUDE_IN_FRAMEWORK_HEADER = YES;
				CLANG_WARN_RANGE_LOOP_ANALYSIS = YES;
				CLANG_WARN_STRICT_PROTOTYPES = YES;
				CLANG_WARN_SUSPICIOUS_MOVE = YES;
				CLANG_WARN_UNGUARDED_AVAILABILITY = YES_AGGRESSIVE;
				CLANG_WARN_UNREACHABLE_CODE = YES;
				CLANG_WARN__DUPLICATE_METHOD_MATCH = YES;
				CODE_SIGNING_ALLOWED = NO;
				COPY_PHASE_STRIP = NO;
				DEBUG_INFORMATION_FORMAT = "dwarf-with-dsym";
				ENABLE_NS_ASSERTIONS = NO;
				ENABLE_STRICT_OBJC_MSGSEND = YES;
				GCC_C_LANGUAGE_STANDARD = gnu11;
				GCC_NO_COMMON_BLOCKS = YES;
				GCC_WARN_64_TO_32_BIT_CONVERSION = YES;
				GCC_WARN_ABOUT_RETURN_TYPE = YES_ERROR;
				GCC_WARN_UNDECLARED_SELECTOR = YES;
				GCC_WARN_UNINITIALIZED_AUTOS = YES_AGGRESSIVE;
				GCC_WARN_UNUSED_FUNCTION = YES;
				GCC_WARN_UNUSED_VARIABLE = YES;
				MACOSX_DEPLOYMENT_TARGET = 15.0;
				MTL_ENABLE_DEBUG_INFO = NO;
				MTL_FAST_MATH = YES;
				PRODUCT_NAME = "$(TARGET_NAME)";
				SDKROOT = macosx;
				SWIFT_COMPILATION_MODE = wholemodule;
				SWIFT_OPTIMIZATION_LEVEL = "-O";
				SWIFT_VERSION = 6.0;
			};
			name = Release;
		};
		BA62CE082AFB5D23869467ED /* Debug */ = {
			isa = XCBuildConfiguration;
			buildSettings = {
				ASSETCATALOG_COMPILER_APPICON_NAME = AppIcon;
				CODE_SIGNING_ALLOWED = NO;
				COMBINE_HIDPI_IMAGES = YES;
				ENABLE_HARDENED_RUNTIME = NO;
				INFOPLIST_FILE = Engage/Info.plist;
				LD_RUNPATH_SEARCH_PATHS = (
					"$(inherited)",
					"@executable_path/../Frameworks",
				);
				MACOSX_DEPLOYMENT_TARGET = 15.0;
				PRODUCT_BUNDLE_IDENTIFIER = com.joeblau.engage;
				PRODUCT_NAME = Engage;
				SDKROOT = macosx;
				SWIFT_OBJC_BRIDGING_HEADER = "Engage/Services/BluetoothHID/Engage-Bridging-Header.h";
				SWIFT_VERSION = 6.0;
			};
			name = Debug;
		};
		C263BA507CFFBF5C7B4FD47D /* Debug */ = {
			isa = XCBuildConfiguration;
			buildSettings = {
				ALWAYS_SEARCH_USER_PATHS = NO;
				CLANG_ANALYZER_NONNULL = YES;
				CLANG_ANALYZER_NUMBER_OBJECT_CONVERSION = YES_AGGRESSIVE;
				CLANG_CXX_LANGUAGE_STANDARD = "gnu++14";
				CLANG_CXX_LIBRARY = "libc++";
				CLANG_ENABLE_MODULES = YES;
				CLANG_ENABLE_OBJC_ARC = YES;
				CLANG_ENABLE_OBJC_WEAK = YES;
				CLANG_WARN_BLOCK_CAPTURE_AUTORELEASING = YES;
				CLANG_WARN_BOOL_CONVERSION = YES;
				CLANG_WARN_COMMA = YES;
				CLANG_WARN_CONSTANT_CONVERSION = YES;
				CLANG_WARN_DEPRECATED_OBJC_IMPLEMENTATIONS = YES;
				CLANG_WARN_DIRECT_OBJC_ISA_USAGE = YES_ERROR;
				CLANG_WARN_DOCUMENTATION_COMMENTS = YES;
				CLANG_WARN_EMPTY_BODY = YES;
				CLANG_WARN_ENUM_CONVERSION = YES;
				CLANG_WARN_INFINITE_RECURSION = YES;
				CLANG_WARN_INT_CONVERSION = YES;
				CLANG_WARN_NON_LITERAL_NULL_CONVERSION = YES;
				CLANG_WARN_OBJC_IMPLICIT_RETAIN_SELF = YES;
				CLANG_WARN_OBJC_LITERAL_CONVERSION = YES;
				CLANG_WARN_OBJC_ROOT_CLASS = YES_ERROR;
				CLANG_WARN_QUOTED_INCLUDE_IN_FRAMEWORK_HEADER = YES;
				CLANG_WARN_RANGE_LOOP_ANALYSIS = YES;
				CLANG_WARN_STRICT_PROTOTYPES = YES;
				CLANG_WARN_SUSPICIOUS_MOVE = YES;
				CLANG_WARN_UNGUARDED_AVAILABILITY = YES_AGGRESSIVE;
				CLANG_WARN_UNREACHABLE_CODE = YES;
				CLANG_WARN__DUPLICATE_METHOD_MATCH = YES;
				CODE_SIGNING_ALLOWED = NO;
				COPY_PHASE_STRIP = NO;
				DEBUG_INFORMATION_FORMAT = dwarf;
				ENABLE_STRICT_OBJC_MSGSEND = YES;
				ENABLE_TESTABILITY = YES;
				GCC_C_LANGUAGE_STANDARD = gnu11;
				GCC_DYNAMIC_NO_PIC = NO;
				GCC_NO_COMMON_BLOCKS = YES;
				GCC_OPTIMIZATION_LEVEL = 0;
				GCC_PREPROCESSOR_DEFINITIONS = (
					"$(inherited)",
					"DEBUG=1",
				);
				GCC_WARN_64_TO_32_BIT_CONVERSION = YES;
				GCC_WARN_ABOUT_RETURN_TYPE = YES_ERROR;
				GCC_WARN_UNDECLARED_SELECTOR = YES;
				GCC_WARN_UNINITIALIZED_AUTOS = YES_AGGRESSIVE;
				GCC_WARN_UNUSED_FUNCTION = YES;
				GCC_WARN_UNUSED_VARIABLE = YES;
				MACOSX_DEPLOYMENT_TARGET = 15.0;
				MTL_ENABLE_DEBUG_INFO = INCLUDE_SOURCE;
				MTL_FAST_MATH = YES;
				ONLY_ACTIVE_ARCH = YES;
				PRODUCT_NAME = "$(TARGET_NAME)";
				SDKROOT = macosx;
				SWIFT_ACTIVE_COMPILATION_CONDITIONS = DEBUG;
				SWIFT_OPTIMIZATION_LEVEL = "-Onone";
				SWIFT_VERSION = 6.0;
			};
			name = Debug;
		};
		CA89573C0A7503A4F7AAAF01 /* Release */ = {
			isa = XCBuildConfiguration;
			buildSettings = {
				ASSETCATALOG_COMPILER_APPICON_NAME = AppIcon;
				CODE_SIGNING_ALLOWED = NO;
				COMBINE_HIDPI_IMAGES = YES;
				ENABLE_HARDENED_RUNTIME = NO;
				INFOPLIST_FILE = Engage/Info.plist;
				LD_RUNPATH_SEARCH_PATHS = (
					"$(inherited)",
					"@executable_path/../Frameworks",
				);
				MACOSX_DEPLOYMENT_TARGET = 15.0;
				PRODUCT_BUNDLE_IDENTIFIER = com.joeblau.engage;
				PRODUCT_NAME = Engage;
				SDKROOT = macosx;
				SWIFT_OBJC_BRIDGING_HEADER = "Engage/Services/BluetoothHID/Engage-Bridging-Header.h";
				SWIFT_VERSION = 6.0;
			};
			name = Release;
		};
/* End XCBuildConfiguration section */

/* Begin XCConfigurationList section */
		67A51D7EA76F693756BD88A9 /* Build configuration list for PBXProject "Engage" */ = {
			isa = XCConfigurationList;
			buildConfigurations = (
				C263BA507CFFBF5C7B4FD47D /* Debug */,
				A665068992835CC7154729E4 /* Release */,
			);
			defaultConfigurationIsVisible = 0;
			defaultConfigurationName = Debug;
		};
		AEBC3A40929FE93E33DA03FF /* Build configuration list for PBXNativeTarget "Engage" */ = {
			isa = XCConfigurationList;
			buildConfigurations = (
				BA62CE082AFB5D23869467ED /* Debug */,
				CA89573C0A7503A4F7AAAF01 /* Release */,
			);
			defaultConfigurationIsVisible = 0;
			defaultConfigurationName = Debug;
		};
/* End XCConfigurationList section */
	};
	rootObject = 9558183C6CD3F5A0B302C1CF /* Project object */;
}
